PODS:
  - Down (0.6.1)
  - iosMath (0.9.4)
  - RichTextView (1.0.5):
    - Down
    - iosMath
    - SnapKit
  - SnapKit (4.2.0)
  - SwiftLint (0.28.1)

DEPENDENCIES:
  - RichTextView (from `../`)
  - SwiftLint

SPEC REPOS:
  https://github.com/cocoapods/specs.git:
    - Down
    - iosMath
    - SnapKit
    - SwiftLint

EXTERNAL SOURCES:
  RichTextView:
    :path: "../"

SPEC CHECKSUMS:
  Down: 8d305822b0a69c393cddaf1d21d2bb2e0b34d544
  iosMath: f7a6cbadf9d836d2149c2a84c435b1effc244cba
  RichTextView: 021dacffc42fbe025e481e6d3b1c4ad779d7510a
  SnapKit: fe8a619752f3f27075cc9a90244d75c6c3f27e2a
  SwiftLint: 7f5f7de0da74a649b16616cb5246ae323489656e

PODFILE CHECKSUM: c8bc7e78a2a8b5476de96876e3abe7f0946be5d6

COCOAPODS: 1.5.3
