PODS:
  - Down (0.9.0)
  - DTCoreText (1.6.23):
    - DTCoreText/Core (= 1.6.23)
    - DTFoundation/Core (~> 1.7.5)
    - DTFoundation/DTAnimatedGIF (~> 1.7.5)
    - DTFoundation/DTHTMLParser (~> 1.7.5)
    - DTFoundation/UIKit (~> 1.7.5)
  - DTCoreText/Core (1.6.23):
    - DTFoundation/Core (~> 1.7.5)
    - DTFoundation/DTAnimatedGIF (~> 1.7.5)
    - DTFoundation/DTHTMLParser (~> 1.7.5)
    - DTFoundation/UIKit (~> 1.7.5)
  - DTFoundation/Core (1.7.14)
  - DTFoundation/DTAnimatedGIF (1.7.14)
  - DTFoundation/DTHTMLParser (1.7.14):
    - DTFoundation/Core
  - DTFoundation/UIKit (1.7.14):
    - DTFoundation/Core
  - iosMath (1.0.3)
  - iOSSnapshotTestCase (6.2.0):
    - iOSSnapshotTestCase/SwiftSupport (= 6.2.0)
  - iOSSnapshotTestCase/Core (6.2.0)
  - iOSSnapshotTestCase/SwiftSupport (6.2.0):
    - iOSSnapshotTestCase/Core
  - Nimble (8.0.4)
  - Nimble-Snapshots (8.0.0):
    - Nimble-Snapshots/Core (= 8.0.0)
  - Nimble-Snapshots/Core (8.0.0):
    - iOSSnapshotTestCase (~> 6.0)
    - Nimble (~> 8.0)
  - Quick (2.2.0)
  - SnapKit (5.0.1)
  - SwiftLint (0.36.0)

DEPENDENCIES:
  - Down
  - DTCoreText
  - iosMath (from `https://github.com/tophatmonocle/iosMath.git`)
  - Nimble
  - Nimble-Snapshots
  - Quick
  - SnapKit
  - SwiftLint

SPEC REPOS:
  trunk:
    - Down
    - DTCoreText
    - DTFoundation
    - iOSSnapshotTestCase
    - Nimble
    - Nimble-Snapshots
    - Quick
    - SnapKit
    - SwiftLint

EXTERNAL SOURCES:
  iosMath:
    :git: https://github.com/tophatmonocle/iosMath.git

CHECKOUT OPTIONS:
  iosMath:
    :commit: b30e7ead762bfb68b58896eebb1d8bc792ed4792
    :git: https://github.com/tophatmonocle/iosMath.git

SPEC CHECKSUMS:
  Down: 1cdbca4963b542d0ef34ebb3e10ff48382bdf761
  DTCoreText: 67023bb51b26711d5f640c851f4845aea14c24c9
  DTFoundation: 25aa19bb7c6e225b1dfae195604fb8cf1da0ab4c
  iosMath: 5259a309817ef066ae071bcce93f74f6712adf08
  iOSSnapshotTestCase: 9ab44cb5aa62b84d31847f40680112e15ec579a6
  Nimble: 18d5360282923225d62b09d781f63abc1a0111fc
  Nimble-Snapshots: 8ec63f41ce6c7229a17be9a64edbc123b181f75b
  Quick: 7fb19e13be07b5dfb3b90d4f9824c855a11af40e
  SnapKit: 97b92857e3df3a0c71833cce143274bf6ef8e5eb
  SwiftLint: fc9859e4e1752340664851f667bb1898b9c90114

PODFILE CHECKSUM: f6fe77da859ca9643b5846ec01310846dcbfa657

COCOAPODS: 1.8.3
