PODS:
  - Down (0.8.2)
  - iosMath (1.0.4)
  - iOSSnapshotTestCase (6.0.3):
    - iOSSnapshotTestCase/SwiftSupport (= 6.0.3)
  - iOSSnapshotTestCase/Core (6.0.3)
  - iOSSnapshotTestCase/SwiftSupport (6.0.3):
    - iOSSnapshotTestCase/Core
  - Nimble (8.0.1)
  - Nimble-Snapshots (7.1.0):
    - Nimble-Snapshots/Core (= 7.1.0)
  - Nimble-Snapshots/Core (7.1.0):
    - iOSSnapshotTestCase (~> 6.0)
    - Nimble (~> 8.0)
  - Quick (2.1.0)
  - SnapKit (5.0.0)
  - SwiftLint (0.32.0)

DEPENDENCIES:
  - Down
  - iosMath (from `https://github.com/tophatmonocle/iosMath.git`)
  - Nimble
  - Nimble-Snapshots
  - Quick
  - SnapKit
  - SwiftLint

SPEC REPOS:
  trunk:
    - Down
    - iOSSnapshotTestCase
    - Nimble
    - Nimble-Snapshots
    - Quick
    - SnapKit
    - SwiftLint

EXTERNAL SOURCES:
  iosMath:
    :git: https://github.com/tophatmonocle/iosMath.git

CHECKOUT OPTIONS:
  iosMath:
    :commit: 628113a1e32ed82448b5ab84f836931bd2731fa0
    :git: https://github.com/tophatmonocle/iosMath.git

SPEC CHECKSUMS:
  Down: 8babe0cafe145de188d2efa76ea938a11a5fdc6f
  iosMath: d600132003379f24213290876f8e5d2d78c52c07
  iOSSnapshotTestCase: 944a73f6d9676302811a86c0cf35f0e6ef5ab2a0
  Nimble: 45f786ae66faa9a709624227fae502db55a8bdd0
  Nimble-Snapshots: 2ec985281eef0eb9fc69a469deee851363a50d0e
  Quick: 4be43f6634acfa727dd106bdf3929ce125ffa79d
  SnapKit: fd22d10eb9aff484d79a8724eab922c1ddf89bcf
  SwiftLint: 009a898ef2a1c851f45e1b59349bf6ff2ddc990d

PODFILE CHECKSUM: fd6952a9b41a9a41bb7e6fb036901d60f1134d46

COCOAPODS: 1.10.1
