// !$*UTF8*$!
{
	archiveVersion = 1;
	classes = {
	};
	objectVersion = 51;
	objects = {

/* Begin PBXBuildFile section */
		078D2CA9BFB60FA210318808 /* Pods_RichTextView_Example.framework in Frameworks */ = {isa = PBXBuildFile; fileRef = C39629EFB9271E37F1EF5B4D /* Pods_RichTextView_Example.framework */; };
		7814891E2195323700DED7A1 /* AppDelegate.swift in Sources */ = {isa = PBXBuildFile; fileRef = 7814891D2195323700DED7A1 /* AppDelegate.swift */; };
		781489202195323700DED7A1 /* ViewController.swift in Sources */ = {isa = PBXBuildFile; fileRef = 7814891F2195323700DED7A1 /* ViewController.swift */; };
		781489232195323700DED7A1 /* Main.storyboard in Resources */ = {isa = PBXBuildFile; fileRef = 781489212195323700DED7A1 /* Main.storyboard */; };
		781489252195323A00DED7A1 /* Assets.xcassets in Resources */ = {isa = PBXBuildFile; fileRef = 781489242195323A00DED7A1 /* Assets.xcassets */; };
		781489282195323A00DED7A1 /* LaunchScreen.storyboard in Resources */ = {isa = PBXBuildFile; fileRef = 781489262195323A00DED7A1 /* LaunchScreen.storyboard */; };
		78964EE821A85577003A4860 /* InputOutputModuleView.swift in Sources */ = {isa = PBXBuildFile; fileRef = 78964EE721A85577003A4860 /* InputOutputModuleView.swift */; };
		78964EEA21A85588003A4860 /* InputOutputModuleView.xib in Resources */ = {isa = PBXBuildFile; fileRef = 78964EE921A85588003A4860 /* InputOutputModuleView.xib */; };
/* End PBXBuildFile section */

/* Begin PBXFileReference section */
		5AF1D41140B7F9541915882D /* Pods-RichTextView-Example.release.xcconfig */ = {isa = PBXFileReference; includeInIndex = 1; lastKnownFileType = text.xcconfig; name = "Pods-RichTextView-Example.release.xcconfig"; path = "Pods/Target Support Files/Pods-RichTextView-Example/Pods-RichTextView-Example.release.xcconfig"; sourceTree = "<group>"; };
		7814891A2195323700DED7A1 /* RichTextView-Example.app */ = {isa = PBXFileReference; explicitFileType = wrapper.application; includeInIndex = 0; path = "RichTextView-Example.app"; sourceTree = BUILT_PRODUCTS_DIR; };
		7814891D2195323700DED7A1 /* AppDelegate.swift */ = {isa = PBXFileReference; lastKnownFileType = sourcecode.swift; path = AppDelegate.swift; sourceTree = "<group>"; };
		7814891F2195323700DED7A1 /* ViewController.swift */ = {isa = PBXFileReference; lastKnownFileType = sourcecode.swift; path = ViewController.swift; sourceTree = "<group>"; };
		781489222195323700DED7A1 /* Base */ = {isa = PBXFileReference; lastKnownFileType = file.storyboard; name = Base; path = Base.lproj/Main.storyboard; sourceTree = "<group>"; };
		781489242195323A00DED7A1 /* Assets.xcassets */ = {isa = PBXFileReference; lastKnownFileType = folder.assetcatalog; path = Assets.xcassets; sourceTree = "<group>"; };
		781489272195323A00DED7A1 /* Base */ = {isa = PBXFileReference; lastKnownFileType = file.storyboard; name = Base; path = Base.lproj/LaunchScreen.storyboard; sourceTree = "<group>"; };
		781489292195323A00DED7A1 /* Info.plist */ = {isa = PBXFileReference; lastKnownFileType = text.plist.xml; path = Info.plist; sourceTree = "<group>"; };
		78964EE721A85577003A4860 /* InputOutputModuleView.swift */ = {isa = PBXFileReference; lastKnownFileType = sourcecode.swift; path = InputOutputModuleView.swift; sourceTree = "<group>"; };
		78964EE921A85588003A4860 /* InputOutputModuleView.xib */ = {isa = PBXFileReference; lastKnownFileType = file.xib; path = InputOutputModuleView.xib; sourceTree = "<group>"; };
		7E2F677854F87B0A57A41B9E /* Pods-RichTextView-Example.debug.xcconfig */ = {isa = PBXFileReference; includeInIndex = 1; lastKnownFileType = text.xcconfig; name = "Pods-RichTextView-Example.debug.xcconfig"; path = "Pods/Target Support Files/Pods-RichTextView-Example/Pods-RichTextView-Example.debug.xcconfig"; sourceTree = "<group>"; };
		C39629EFB9271E37F1EF5B4D /* Pods_RichTextView_Example.framework */ = {isa = PBXFileReference; explicitFileType = wrapper.framework; includeInIndex = 0; path = Pods_RichTextView_Example.framework; sourceTree = BUILT_PRODUCTS_DIR; };
/* End PBXFileReference section */

/* Begin PBXFrameworksBuildPhase section */
		781489172195323700DED7A1 /* Frameworks */ = {
			isa = PBXFrameworksBuildPhase;
			buildActionMask = 2147483647;
			files = (
				078D2CA9BFB60FA210318808 /* Pods_RichTextView_Example.framework in Frameworks */,
			);
			runOnlyForDeploymentPostprocessing = 0;
		};
/* End PBXFrameworksBuildPhase section */

/* Begin PBXGroup section */
		020A156CD49AA884EC0B24D5 /* Frameworks */ = {
			isa = PBXGroup;
			children = (
				C39629EFB9271E37F1EF5B4D /* Pods_RichTextView_Example.framework */,
			);
			name = Frameworks;
			sourceTree = "<group>";
		};
		781489112195323700DED7A1 = {
			isa = PBXGroup;
			children = (
				020A156CD49AA884EC0B24D5 /* Frameworks */,
				D6412253C8CAD63BEA2415EB /* Pods */,
				7814891B2195323700DED7A1 /* Products */,
				7814891C2195323700DED7A1 /* Source */,
			);
			sourceTree = "<group>";
		};
		7814891B2195323700DED7A1 /* Products */ = {
			isa = PBXGroup;
			children = (
				7814891A2195323700DED7A1 /* RichTextView-Example.app */,
			);
			name = Products;
			sourceTree = "<group>";
		};
		7814891C2195323700DED7A1 /* Source */ = {
			isa = PBXGroup;
			children = (
				7814891D2195323700DED7A1 /* AppDelegate.swift */,
				781489242195323A00DED7A1 /* Assets.xcassets */,
				781489292195323A00DED7A1 /* Info.plist */,
				781489262195323A00DED7A1 /* LaunchScreen.storyboard */,
				781489212195323700DED7A1 /* Main.storyboard */,
				7814891F2195323700DED7A1 /* ViewController.swift */,
				78964EE721A85577003A4860 /* InputOutputModuleView.swift */,
				78964EE921A85588003A4860 /* InputOutputModuleView.xib */,
			);
			path = Source;
			sourceTree = "<group>";
		};
		D6412253C8CAD63BEA2415EB /* Pods */ = {
			isa = PBXGroup;
			children = (
				7E2F677854F87B0A57A41B9E /* Pods-RichTextView-Example.debug.xcconfig */,
				5AF1D41140B7F9541915882D /* Pods-RichTextView-Example.release.xcconfig */,
			);
			name = Pods;
			sourceTree = "<group>";
		};
/* End PBXGroup section */

/* Begin PBXNativeTarget section */
		781489192195323700DED7A1 /* RichTextView-Example */ = {
			isa = PBXNativeTarget;
			buildConfigurationList = 7814892C2195323A00DED7A1 /* Build configuration list for PBXNativeTarget "RichTextView-Example" */;
			buildPhases = (
				2421E11707A8013257772109 /* [CP] Check Pods Manifest.lock */,
				781489162195323700DED7A1 /* Sources */,
				781489172195323700DED7A1 /* Frameworks */,
				781489182195323700DED7A1 /* Resources */,
				57AB518366D728672E827631 /* [CP] Embed Pods Frameworks */,
				7880D52A21A77A120083901C /* SwiftLint */,
			);
			buildRules = (
			);
			dependencies = (
			);
			name = "RichTextView-Example";
			productName = "RichTextView-Example";
			productReference = 7814891A2195323700DED7A1 /* RichTextView-Example.app */;
			productType = "com.apple.product-type.application";
		};
/* End PBXNativeTarget section */

/* Begin PBXProject section */
		781489122195323700DED7A1 /* Project object */ = {
			isa = PBXProject;
			attributes = {
				LastSwiftUpdateCheck = 1000;
				LastUpgradeCheck = 1320;
				ORGANIZATIONNAME = "Top Hat";
				TargetAttributes = {
					781489192195323700DED7A1 = {
						CreatedOnToolsVersion = 10.0;
						LastSwiftMigration = 1020;
					};
				};
			};
			buildConfigurationList = 781489152195323700DED7A1 /* Build configuration list for PBXProject "RichTextView-Example" */;
			compatibilityVersion = "Xcode 9.3";
			developmentRegion = en;
			hasScannedForEncodings = 0;
			knownRegions = (
				en,
				Base,
			);
			mainGroup = 781489112195323700DED7A1;
			productRefGroup = 7814891B2195323700DED7A1 /* Products */;
			projectDirPath = "";
			projectRoot = "";
			targets = (
				781489192195323700DED7A1 /* RichTextView-Example */,
			);
		};
/* End PBXProject section */

/* Begin PBXResourcesBuildPhase section */
		781489182195323700DED7A1 /* Resources */ = {
			isa = PBXResourcesBuildPhase;
			buildActionMask = 2147483647;
			files = (
				78964EEA21A85588003A4860 /* InputOutputModuleView.xib in Resources */,
				781489282195323A00DED7A1 /* LaunchScreen.storyboard in Resources */,
				781489252195323A00DED7A1 /* Assets.xcassets in Resources */,
				781489232195323700DED7A1 /* Main.storyboard in Resources */,
			);
			runOnlyForDeploymentPostprocessing = 0;
		};
/* End PBXResourcesBuildPhase section */

/* Begin PBXShellScriptBuildPhase section */
		2421E11707A8013257772109 /* [CP] Check Pods Manifest.lock */ = {
			isa = PBXShellScriptBuildPhase;
			buildActionMask = 2147483647;
			files = (
			);
			inputPaths = (
				"${PODS_PODFILE_DIR_PATH}/Podfile.lock",
				"${PODS_ROOT}/Manifest.lock",
			);
			name = "[CP] Check Pods Manifest.lock";
			outputPaths = (
				"$(DERIVED_FILE_DIR)/Pods-RichTextView-Example-checkManifestLockResult.txt",
			);
			runOnlyForDeploymentPostprocessing = 0;
			shellPath = /bin/sh;
			shellScript = "diff \"${PODS_PODFILE_DIR_PATH}/Podfile.lock\" \"${PODS_ROOT}/Manifest.lock\" > /dev/null\nif [ $? != 0 ] ; then\n    # print error to STDERR\n    echo \"error: The sandbox is not in sync with the Podfile.lock. Run 'pod install' or update your CocoaPods installation.\" >&2\n    exit 1\nfi\n# This output is used by Xcode 'outputs' to avoid re-running this script phase.\necho \"SUCCESS\" > \"${SCRIPT_OUTPUT_FILE_0}\"\n";
			showEnvVarsInLog = 0;
		};
		57AB518366D728672E827631 /* [CP] Embed Pods Frameworks */ = {
			isa = PBXShellScriptBuildPhase;
			buildActionMask = 2147483647;
			files = (
			);
			inputFileListPaths = (
				"${PODS_ROOT}/Target Support Files/Pods-RichTextView-Example/Pods-RichTextView-Example-frameworks-${CONFIGURATION}-input-files.xcfilelist",
			);
			name = "[CP] Embed Pods Frameworks";
			outputFileListPaths = (
				"${PODS_ROOT}/Target Support Files/Pods-RichTextView-Example/Pods-RichTextView-Example-frameworks-${CONFIGURATION}-output-files.xcfilelist",
			);
			runOnlyForDeploymentPostprocessing = 0;
			shellPath = /bin/sh;
			shellScript = "\"${PODS_ROOT}/Target Support Files/Pods-RichTextView-Example/Pods-RichTextView-Example-frameworks.sh\"\n";
			showEnvVarsInLog = 0;
		};
		7880D52A21A77A120083901C /* SwiftLint */ = {
			isa = PBXShellScriptBuildPhase;
			buildActionMask = 2147483647;
			files = (
			);
			inputFileListPaths = (
			);
			inputPaths = (
			);
			name = SwiftLint;
			outputFileListPaths = (
			);
			outputPaths = (
			);
			runOnlyForDeploymentPostprocessing = 0;
			shellPath = /bin/sh;
			shellScript = "\"${PODS_ROOT}/SwiftLint/swiftlint\"\n";
		};
/* End PBXShellScriptBuildPhase section */

/* Begin PBXSourcesBuildPhase section */
		781489162195323700DED7A1 /* Sources */ = {
			isa = PBXSourcesBuildPhase;
			buildActionMask = 2147483647;
			files = (
				78964EE821A85577003A4860 /* InputOutputModuleView.swift in Sources */,
				781489202195323700DED7A1 /* ViewController.swift in Sources */,
				7814891E2195323700DED7A1 /* AppDelegate.swift in Sources */,
			);
			runOnlyForDeploymentPostprocessing = 0;
		};
/* End PBXSourcesBuildPhase section */

/* Begin PBXVariantGroup section */
		781489212195323700DED7A1 /* Main.storyboard */ = {
			isa = PBXVariantGroup;
			children = (
				781489222195323700DED7A1 /* Base */,
			);
			name = Main.storyboard;
			sourceTree = "<group>";
		};
		781489262195323A00DED7A1 /* LaunchScreen.storyboard */ = {
			isa = PBXVariantGroup;
			children = (
				781489272195323A00DED7A1 /* Base */,
			);
			name = LaunchScreen.storyboard;
			sourceTree = "<group>";
		};
/* End PBXVariantGroup section */

/* Begin XCBuildConfiguration section */
		7814892A2195323A00DED7A1 /* Debug */ = {
			isa = XCBuildConfiguration;
			buildSettings = {
				ALWAYS_SEARCH_USER_PATHS = NO;
				CLANG_ANALYZER_NONNULL = YES;
				CLANG_ANALYZER_NUMBER_OBJECT_CONVERSION = YES_AGGRESSIVE;
				CLANG_CXX_LANGUAGE_STANDARD = "gnu++14";
				CLANG_CXX_LIBRARY = "libc++";
				CLANG_ENABLE_MODULES = YES;
				CLANG_ENABLE_OBJC_ARC = YES;
				CLANG_ENABLE_OBJC_WEAK = YES;
				CLANG_WARN_BLOCK_CAPTURE_AUTORELEASING = YES;
				CLANG_WARN_BOOL_CONVERSION = YES;
				CLANG_WARN_COMMA = YES;
				CLANG_WARN_CONSTANT_CONVERSION = YES;
				CLANG_WARN_DEPRECATED_OBJC_IMPLEMENTATIONS = YES;
				CLANG_WARN_DIRECT_OBJC_ISA_USAGE = YES_ERROR;
				CLANG_WARN_DOCUMENTATION_COMMENTS = YES;
				CLANG_WARN_EMPTY_BODY = YES;
				CLANG_WARN_ENUM_CONVERSION = YES;
				CLANG_WARN_INFINITE_RECURSION = YES;
				CLANG_WARN_INT_CONVERSION = YES;
				CLANG_WARN_NON_LITERAL_NULL_CONVERSION = YES;
				CLANG_WARN_OBJC_IMPLICIT_RETAIN_SELF = YES;
				CLANG_WARN_OBJC_LITERAL_CONVERSION = YES;
				CLANG_WARN_OBJC_ROOT_CLASS = YES_ERROR;
				CLANG_WARN_QUOTED_INCLUDE_IN_FRAMEWORK_HEADER = YES;
				CLANG_WARN_RANGE_LOOP_ANALYSIS = YES;
				CLANG_WARN_STRICT_PROTOTYPES = YES;
				CLANG_WARN_SUSPICIOUS_MOVE = YES;
				CLANG_WARN_UNGUARDED_AVAILABILITY = YES_AGGRESSIVE;
				CLANG_WARN_UNREACHABLE_CODE = YES;
				CLANG_WARN__DUPLICATE_METHOD_MATCH = YES;
				CODE_SIGN_IDENTITY = "iPhone Developer";
				COPY_PHASE_STRIP = NO;
				DEBUG_INFORMATION_FORMAT = dwarf;
				ENABLE_STRICT_OBJC_MSGSEND = YES;
				ENABLE_TESTABILITY = YES;
				GCC_C_LANGUAGE_STANDARD = gnu11;
				GCC_DYNAMIC_NO_PIC = NO;
				GCC_NO_COMMON_BLOCKS = YES;
				GCC_OPTIMIZATION_LEVEL = 0;
				GCC_PREPROCESSOR_DEFINITIONS = (
					"DEBUG=1",
					"$(inherited)",
				);
				GCC_WARN_64_TO_32_BIT_CONVERSION = YES;
				GCC_WARN_ABOUT_RETURN_TYPE = YES_ERROR;
				GCC_WARN_UNDECLARED_SELECTOR = YES;
				GCC_WARN_UNINITIALIZED_AUTOS = YES_AGGRESSIVE;
				GCC_WARN_UNUSED_FUNCTION = YES;
				GCC_WARN_UNUSED_VARIABLE = YES;
				IPHONEOS_DEPLOYMENT_TARGET = 12.0;
				MTL_ENABLE_DEBUG_INFO = INCLUDE_SOURCE;
				MTL_FAST_MATH = YES;
				ONLY_ACTIVE_ARCH = YES;
				SDKROOT = iphoneos;
				SWIFT_ACTIVE_COMPILATION_CONDITIONS = DEBUG;
				SWIFT_OPTIMIZATION_LEVEL = "-Onone";
			};
			name = Debug;
		};
		7814892B2195323A00DED7A1 /* Release */ = {
			isa = XCBuildConfiguration;
			buildSettings = {
				ALWAYS_SEARCH_USER_PATHS = NO;
				CLANG_ANALYZER_NONNULL = YES;
				CLANG_ANALYZER_NUMBER_OBJECT_CONVERSION = YES_AGGRESSIVE;
				CLANG_CXX_LANGUAGE_STANDARD = "gnu++14";
				CLANG_CXX_LIBRARY = "libc++";
				CLANG_ENABLE_MODULES = YES;
				CLANG_ENABLE_OBJC_ARC = YES;
				CLANG_ENABLE_OBJC_WEAK = YES;
				CLANG_WARN_BLOCK_CAPTURE_AUTORELEASING = YES;
				CLANG_WARN_BOOL_CONVERSION = YES;
				CLANG_WARN_COMMA = YES;
				CLANG_WARN_CONSTANT_CONVERSION = YES;
				CLANG_WARN_DEPRECATED_OBJC_IMPLEMENTATIONS = YES;
				CLANG_WARN_DIRECT_OBJC_ISA_USAGE = YES_ERROR;
				CLANG_WARN_DOCUMENTATION_COMMENTS = YES;
				CLANG_WARN_EMPTY_BODY = YES;
				CLANG_WARN_ENUM_CONVERSION = YES;
				CLANG_WARN_INFINITE_RECURSION = YES;
				CLANG_WARN_INT_CONVERSION = YES;
				CLANG_WARN_NON_LITERAL_NULL_CONVERSION = YES;
				CLANG_WARN_OBJC_IMPLICIT_RETAIN_SELF = YES;
				CLANG_WARN_OBJC_LITERAL_CONVERSION = YES;
				CLANG_WARN_OBJC_ROOT_CLASS = YES_ERROR;
				CLANG_WARN_QUOTED_INCLUDE_IN_FRAMEWORK_HEADER = YES;
				CLANG_WARN_RANGE_LOOP_ANALYSIS = YES;
				CLANG_WARN_STRICT_PROTOTYPES = YES;
				CLANG_WARN_SUSPICIOUS_MOVE = YES;
				CLANG_WARN_UNGUARDED_AVAILABILITY = YES_AGGRESSIVE;
				CLANG_WARN_UNREACHABLE_CODE = YES;
				CLANG_WARN__DUPLICATE_METHOD_MATCH = YES;
				CODE_SIGN_IDENTITY = "iPhone Developer";
				COPY_PHASE_STRIP = NO;
				DEBUG_INFORMATION_FORMAT = "dwarf-with-dsym";
				ENABLE_NS_ASSERTIONS = NO;
				ENABLE_STRICT_OBJC_MSGSEND = YES;
				GCC_C_LANGUAGE_STANDARD = gnu11;
				GCC_NO_COMMON_BLOCKS = YES;
				GCC_WARN_64_TO_32_BIT_CONVERSION = YES;
				GCC_WARN_ABOUT_RETURN_TYPE = YES_ERROR;
				GCC_WARN_UNDECLARED_SELECTOR = YES;
				GCC_WARN_UNINITIALIZED_AUTOS = YES_AGGRESSIVE;
				GCC_WARN_UNUSED_FUNCTION = YES;
				GCC_WARN_UNUSED_VARIABLE = YES;
				IPHONEOS_DEPLOYMENT_TARGET = 12.0;
				MTL_ENABLE_DEBUG_INFO = NO;
				MTL_FAST_MATH = YES;
				SDKROOT = iphoneos;
				SWIFT_COMPILATION_MODE = wholemodule;
				SWIFT_OPTIMIZATION_LEVEL = "-O";
				VALIDATE_PRODUCT = YES;
			};
			name = Release;
		};
		7814892D2195323A00DED7A1 /* Debug */ = {
			isa = XCBuildConfiguration;
			baseConfigurationReference = 7E2F677854F87B0A57A41B9E /* Pods-RichTextView-Example.debug.xcconfig */;
			buildSettings = {
				ASSETCATALOG_COMPILER_APPICON_NAME = AppIcon;
				CODE_SIGN_STYLE = Automatic;
				DEVELOPMENT_TEAM = "";
				INFOPLIST_FILE = Source/Info.plist;
				LD_RUNPATH_SEARCH_PATHS = (
					"$(inherited)",
					"@executable_path/Frameworks",
				);
				PRODUCT_BUNDLE_IDENTIFIER = "com.tophat.RichTextView-Example";
				PRODUCT_NAME = "$(TARGET_NAME)";
				SWIFT_VERSION = 5.0;
				TARGETED_DEVICE_FAMILY = "1,2";
			};
			name = Debug;
		};
		7814892E2195323A00DED7A1 /* Release */ = {
			isa = XCBuildConfiguration;
			baseConfigurationReference = 5AF1D41140B7F9541915882D /* Pods-RichTextView-Example.release.xcconfig */;
			buildSettings = {
				ASSETCATALOG_COMPILER_APPICON_NAME = AppIcon;
				CODE_SIGN_STYLE = Automatic;
				DEVELOPMENT_TEAM = "";
				INFOPLIST_FILE = Source/Info.plist;
				LD_RUNPATH_SEARCH_PATHS = (
					"$(inherited)",
					"@executable_path/Frameworks",
				);
				PRODUCT_BUNDLE_IDENTIFIER = "com.tophat.RichTextView-Example";
				PRODUCT_NAME = "$(TARGET_NAME)";
				SWIFT_VERSION = 5.0;
				TARGETED_DEVICE_FAMILY = "1,2";
			};
			name = Release;
		};
/* End XCBuildConfiguration section */

/* Begin XCConfigurationList section */
		781489152195323700DED7A1 /* Build configuration list for PBXProject "RichTextView-Example" */ = {
			isa = XCConfigurationList;
			buildConfigurations = (
				7814892A2195323A00DED7A1 /* Debug */,
				7814892B2195323A00DED7A1 /* Release */,
			);
			defaultConfigurationIsVisible = 0;
			defaultConfigurationName = Release;
		};
		7814892C2195323A00DED7A1 /* Build configuration list for PBXNativeTarget "RichTextView-Example" */ = {
			isa = XCConfigurationList;
			buildConfigurations = (
				7814892D2195323A00DED7A1 /* Debug */,
				7814892E2195323A00DED7A1 /* Release */,
			);
			defaultConfigurationIsVisible = 0;
			defaultConfigurationName = Release;
		};
/* End XCConfigurationList section */
	};
	rootObject = 781489122195323700DED7A1 /* Project object */;
}
